
Microsoft Visual Studio Solution File, Format Version 12.00
# Visual Studio Version 16
VisualStudioVersion = 16.0.30523.141
MinimumVisualStudioVersion = 15.0.26124.0
Project("{9A19103F-16F7-4668-BE54-9A1E7A4F7556}") = "PickAndStick.Models", "PickAndStick.Models\PickAndStick.Models.csproj", "{7FDA34B6-C257-4D4B-B46A-6EBF4AC0A8E8}"
EndProject
Project("{9A19103F-16F7-4668-BE54-9A1E7A4F7556}") = "PickAndStick.Domain", "PickAndStick.Domain\PickAndStick.Domain.csproj", "{3C6B44CA-E901-4B7E-A316-1CB619D59D32}"
EndProject
Project("{9A19103F-16F7-4668-BE54-9A1E7A4F7556}") = "PickAndStick.Console", "PickAndStick.Console\PickAndStick.Console.csproj", "{7CEDDB85-38C0-49CD-B43C-3C7F84B42CDF}"
EndProject
Project("{9A19103F-16F7-4668-BE54-9A1E7A4F7556}") = "PickAndStick.API", "PickAndStick.API\PickAndStick.API.csproj", "{DFB3DEB0-77CA-4659-9235-BF0A88A95061}"
EndProject
Global
	GlobalSection(SolutionConfigurationPlatforms) = preSolution
		Debug|Any CPU = Debug|Any CPU
		Debug|x64 = Debug|x64
		Debug|x86 = Debug|x86
		Release|Any CPU = Release|Any CPU
		Release|x64 = Release|x64
		Release|x86 = Release|x86
	EndGlobalSection
	GlobalSection(ProjectConfigurationPlatforms) = postSolution
		{7FDA34B6-C257-4D4B-B46A-6EBF4AC0A8E8}.Debug|Any CPU.ActiveCfg = Debug|Any CPU
		{7FDA34B6-C257-4D4B-B46A-6EBF4AC0A8E8}.Debug|Any CPU.Build.0 = Debug|Any CPU
		{7FDA34B6-C257-4D4B-B46A-6EBF4AC0A8E8}.Debug|x64.ActiveCfg = Debug|Any CPU
		{7FDA34B6-C257-4D4B-B46A-6EBF4AC0A8E8}.Debug|x64.Build.0 = Debug|Any CPU
		{7FDA34B6-C257-4D4B-B46A-6EBF4AC0A8E8}.Debug|x86.ActiveCfg = Debug|Any CPU
		{7FDA34B6-C257-4D4B-B46A-6EBF4AC0A8E8}.Debug|x86.Build.0 = Debug|Any CPU
		{7FDA34B6-C257-4D4B-B46A-6EBF4AC0A8E8}.Release|Any CPU.ActiveCfg = Release|Any CPU
		{7FDA34B6-C257-4D4B-B46A-6EBF4AC0A8E8}.Release|Any CPU.Build.0 = Release|Any CPU
		{7FDA34B6-C257-4D4B-B46A-6EBF4AC0A8E8}.Release|x64.ActiveCfg = Release|Any CPU
		{7FDA34B6-C257-4D4B-B46A-6EBF4AC0A8E8}.Release|x64.Build.0 = Release|Any CPU
		{7FDA34B6-C257-4D4B-B46A-6EBF4AC0A8E8}.Release|x86.ActiveCfg = Release|Any CPU
		{7FDA34B6-C257-4D4B-B46A-6EBF4AC0A8E8}.Release|x86.Build.0 = Release|Any CPU
		{3C6B44CA-E901-4B7E-A316-1CB619D59D32}.Debug|Any CPU.ActiveCfg = Debug|Any CPU
		{3C6B44CA-E901-4B7E-A316-1CB619D59D32}.Debug|Any CPU.Build.0 = Debug|Any CPU
		{3C6B44CA-E901-4B7E-A316-1CB619D59D32}.Debug|x64.ActiveCfg = Debug|Any CPU
		{3C6B44CA-E901-4B7E-A316-1CB619D59D32}.Debug|x64.Build.0 = Debug|Any CPU
		{3C6B44CA-E901-4B7E-A316-1CB619D59D32}.Debug|x86.ActiveCfg = Debug|Any CPU
		{3C6B44CA-E901-4B7E-A316-1CB619D59D32}.Debug|x86.Build.0 = Debug|Any CPU
		{3C6B44CA-E901-4B7E-A316-1CB619D59D32}.Release|Any CPU.ActiveCfg = Release|Any CPU
		{3C6B44CA-E901-4B7E-A316-1CB619D59D32}.Release|Any CPU.Build.0 = Release|Any CPU
		{3C6B44CA-E901-4B7E-A316-1CB619D59D32}.Release|x64.ActiveCfg = Release|Any CPU
		{3C6B44CA-E901-4B7E-A316-1CB619D59D32}.Release|x64.Build.0 = Release|Any CPU
		{3C6B44CA-E901-4B7E-A316-1CB619D59D32}.Release|x86.ActiveCfg = Release|Any CPU
		{3C6B44CA-E901-4B7E-A316-1CB619D59D32}.Release|x86.Build.0 = Release|Any CPU
		{7CEDDB85-38C0-49CD-B43C-3C7F84B42CDF}.Debug|Any CPU.ActiveCfg = Debug|Any CPU
		{7CEDDB85-38C0-49CD-B43C-3C7F84B42CDF}.Debug|Any CPU.Build.0 = Debug|Any CPU
		{7CEDDB85-38C0-49CD-B43C-3C7F84B42CDF}.Debug|x64.ActiveCfg = Debug|Any CPU
		{7CEDDB85-38C0-49CD-B43C-3C7F84B42CDF}.Debug|x64.Build.0 = Debug|Any CPU
		{7CEDDB85-38C0-49CD-B43C-3C7F84B42CDF}.Debug|x86.ActiveCfg = Debug|Any CPU
		{7CEDDB85-38C0-49CD-B43C-3C7F84B42CDF}.Debug|x86.Build.0 = Debug|Any CPU
		{7CEDDB85-38C0-49CD-B43C-3C7F84B42CDF}.Release|Any CPU.ActiveCfg = Release|Any CPU
		{7CEDDB85-38C0-49CD-B43C-3C7F84B42CDF}.Release|Any CPU.Build.0 = Release|Any CPU
		{7CEDDB85-38C0-49CD-B43C-3C7F84B42CDF}.Release|x64.ActiveCfg = Release|Any CPU
		{7CEDDB85-38C0-49CD-B43C-3C7F84B42CDF}.Release|x64.Build.0 = Release|Any CPU
		{7CEDDB85-38C0-49CD-B43C-3C7F84B42CDF}.Release|x86.ActiveCfg = Release|Any CPU
		{7CEDDB85-38C0-49CD-B43C-3C7F84B42CDF}.Release|x86.Build.0 = Release|Any CPU
		{DFB3DEB0-77CA-4659-9235-BF0A88A95061}.Debug|Any CPU.ActiveCfg = Debug|Any CPU
		{DFB3DEB0-77CA-4659-9235-BF0A88A95061}.Debug|Any CPU.Build.0 = Debug|Any CPU
		{DFB3DEB0-77CA-4659-9235-BF0A88A95061}.Debug|x64.ActiveCfg = Debug|Any CPU
		{DFB3DEB0-77CA-4659-9235-BF0A88A95061}.Debug|x64.Build.0 = Debug|Any CPU
		{DFB3DEB0-77CA-4659-9235-BF0A88A95061}.Debug|x86.ActiveCfg = Debug|Any CPU
		{DFB3DEB0-77CA-4659-9235-BF0A88A95061}.Debug|x86.Build.0 = Debug|Any CPU
		{DFB3DEB0-77CA-4659-9235-BF0A88A95061}.Release|Any CPU.ActiveCfg = Release|Any CPU
		{DFB3DEB0-77CA-4659-9235-BF0A88A95061}.Release|Any CPU.Build.0 = Release|Any CPU
		{DFB3DEB0-77CA-4659-9235-BF0A88A95061}.Release|x64.ActiveCfg = Release|Any CPU
		{DFB3DEB0-77CA-4659-9235-BF0A88A95061}.Release|x64.Build.0 = Release|Any CPU
		{DFB3DEB0-77CA-4659-9235-BF0A88A95061}.Release|x86.ActiveCfg = Release|Any CPU
		{DFB3DEB0-77CA-4659-9235-BF0A88A95061}.Release|x86.Build.0 = Release|Any CPU
	EndGlobalSection
	GlobalSection(SolutionProperties) = preSolution
		HideSolutionNode = FALSE
	EndGlobalSection
	GlobalSection(ExtensibilityGlobals) = postSolution
		SolutionGuid = {CC7F5A1F-42AB-41C4-B5E7-3615C0373EFE}
	EndGlobalSection
EndGlobal
